
Microsoft Visual Studio Solution File, Format Version 12.00
# Visual Studio Version 17
VisualStudioVersion = 17.9.34723.18
MinimumVisualStudioVersion = 10.0.40219.1
Project("{FAE04EC0-301F-11D3-BF4B-00C04F79EFBC}") = "API_tests_tapyou", "API_tests_tapyou\API_tests_tapyou.csproj", "{7AEAFE5F-D357-4DAA-9944-CB62ED2AB450}"
EndProject
Global
	GlobalSection(SolutionConfigurationPlatforms) = preSolution
		Debug|Any CPU = Debug|Any CPU
		Release|Any CPU = Release|Any CPU
	EndGlobalSection
	GlobalSection(ProjectConfigurationPlatforms) = postSolution
		{7AEAFE5F-D357-4DAA-9944-CB62ED2AB450}.Debug|Any CPU.ActiveCfg = Debug|Any CPU
		{7AEAFE5F-D357-4DAA-9944-CB62ED2AB450}.Debug|Any CPU.Build.0 = Debug|Any CPU
		{7AEAFE5F-D357-4DAA-9944-CB62ED2AB450}.Release|Any CPU.ActiveCfg = Release|Any CPU
		{7AEAFE5F-D357-4DAA-9944-CB62ED2AB450}.Release|Any CPU.Build.0 = Release|Any CPU
	EndGlobalSection
	GlobalSection(SolutionProperties) = preSolution
		HideSolutionNode = FALSE
	EndGlobalSection
	GlobalSection(ExtensibilityGlobals) = postSolution
		SolutionGuid = {4245B5AE-0788-4B7F-8FFB-72D10732185B}
	EndGlobalSection
EndGlobal
